
Microsoft Visual Studio Solution File, Format Version 12.00
# Visual Studio Version 16
VisualStudioVersion = 16.0.31005.135
MinimumVisualStudioVersion = 10.0.40219.1
Project("{FAE04EC0-301F-11D3-BF4B-00C04F79EFBC}") = "tareaStack", "tareaStack\tareaStack.csproj", "{BD24D384-FB71-4912-90D5-223959464AA8}"
EndProject
Global
	GlobalSection(SolutionConfigurationPlatforms) = preSolution
		Debug|Any CPU = Debug|Any CPU
		Release|Any CPU = Release|Any CPU
	EndGlobalSection
	GlobalSection(ProjectConfigurationPlatforms) = postSolution
		{BD24D384-FB71-4912-90D5-223959464AA8}.Debug|Any CPU.ActiveCfg = Debug|Any CPU
		{BD24D384-FB71-4912-90D5-223959464AA8}.Debug|Any CPU.Build.0 = Debug|Any CPU
		{BD24D384-FB71-4912-90D5-223959464AA8}.Release|Any CPU.ActiveCfg = Release|Any CPU
		{BD24D384-FB71-4912-90D5-223959464AA8}.Release|Any CPU.Build.0 = Release|Any CPU
	EndGlobalSection
	GlobalSection(SolutionProperties) = preSolution
		HideSolutionNode = FALSE
	EndGlobalSection
	GlobalSection(ExtensibilityGlobals) = postSolution
		SolutionGuid = {A8038BE5-B717-4247-8DEE-82128A591BA4}
	EndGlobalSection
EndGlobal
